
Microsoft Visual Studio Solution File, Format Version 12.00
# Visual Studio 15
VisualStudioVersion = 15.0.28307.168
MinimumVisualStudioVersion = 10.0.40219.1
Project("{FAE04EC0-301F-11D3-BF4B-00C04F79EFBC}") = "DV-ReportAnalytics", "DV-ReportAnalytics\DV-ReportAnalytics.csproj", "{FCEF3D92-5733-4C5E-9901-6944210E93B0}"
EndProject
Global
	GlobalSection(SolutionConfigurationPlatforms) = preSolution
		Debug|Any CPU = Debug|Any CPU
		Release|Any CPU = Release|Any CPU
	EndGlobalSection
	GlobalSection(ProjectConfigurationPlatforms) = postSolution
		{FCEF3D92-5733-4C5E-9901-6944210E93B0}.Debug|Any CPU.ActiveCfg = Debug|Any CPU
		{FCEF3D92-5733-4C5E-9901-6944210E93B0}.Debug|Any CPU.Build.0 = Debug|Any CPU
		{FCEF3D92-5733-4C5E-9901-6944210E93B0}.Release|Any CPU.ActiveCfg = Release|Any CPU
		{FCEF3D92-5733-4C5E-9901-6944210E93B0}.Release|Any CPU.Build.0 = Release|Any CPU
	EndGlobalSection
	GlobalSection(SolutionProperties) = preSolution
		HideSolutionNode = FALSE
	EndGlobalSection
	GlobalSection(ExtensibilityGlobals) = postSolution
		SolutionGuid = {15C92A2E-A864-4F33-9310-523B29ADDD90}
	EndGlobalSection
	GlobalSection(TeamFoundationVersionControl) = preSolution
		SccNumberOfProjects = 2
		SccEnterpriseProvider = {4CA58AB2-18FA-4F8D-95D4-32DDF27D184C}
		SccTeamFoundationServer = http://dvtfs:8080/tfs/x3_projects
		SccLocalPath0 = .
		SccProjectUniqueName1 = DV-ReportAnalytics\\DV-ReportAnalytics.csproj
		SccProjectName1 = DV-ReportAnalytics
		SccLocalPath1 = DV-ReportAnalytics
	EndGlobalSection
EndGlobal
