
Microsoft Visual Studio Solution File, Format Version 12.00
# Visual Studio Version 16
VisualStudioVersion = 16.0.28922.388
MinimumVisualStudioVersion = 10.0.40219.1
Project("{FAE04EC0-301F-11D3-BF4B-00C04F79EFBC}") = "DV-ReportAnalytics", "DV-ReportAnalytics\DV-ReportAnalytics.csproj", "{FCEF3D92-5733-4C5E-9901-6944210E93B0}"
EndProject
Project("{F2A71F9B-5D33-465A-A702-920D77279786}") = "Plotly", "Plotly\Plotly.fsproj", "{9D0D40EC-EA78-4638-8889-C6ECBA25CB80}"
EndProject
Project("{2150E333-8FDC-42A3-9474-1A3956D46DE8}") = "Solution Items", "Solution Items", "{1768F2B9-B473-48F6-AE0A-19F800B5E0D1}"
	ProjectSection(SolutionItems) = preProject
		NuGet.config = NuGet.config
	EndProjectSection
EndProject
Global
	GlobalSection(SolutionConfigurationPlatforms) = preSolution
		Debug|Any CPU = Debug|Any CPU
		Debug|x64 = Debug|x64
		Debug|x86 = Debug|x86
		Release|Any CPU = Release|Any CPU
		Release|x64 = Release|x64
		Release|x86 = Release|x86
	EndGlobalSection
	GlobalSection(ProjectConfigurationPlatforms) = postSolution
		{FCEF3D92-5733-4C5E-9901-6944210E93B0}.Debug|Any CPU.ActiveCfg = Debug|Any CPU
		{FCEF3D92-5733-4C5E-9901-6944210E93B0}.Debug|Any CPU.Build.0 = Debug|Any CPU
		{FCEF3D92-5733-4C5E-9901-6944210E93B0}.Debug|x64.ActiveCfg = Debug|Any CPU
		{FCEF3D92-5733-4C5E-9901-6944210E93B0}.Debug|x64.Build.0 = Debug|Any CPU
		{FCEF3D92-5733-4C5E-9901-6944210E93B0}.Debug|x86.ActiveCfg = Debug|x86
		{FCEF3D92-5733-4C5E-9901-6944210E93B0}.Debug|x86.Build.0 = Debug|x86
		{FCEF3D92-5733-4C5E-9901-6944210E93B0}.Release|Any CPU.ActiveCfg = Release|Any CPU
		{FCEF3D92-5733-4C5E-9901-6944210E93B0}.Release|Any CPU.Build.0 = Release|Any CPU
		{FCEF3D92-5733-4C5E-9901-6944210E93B0}.Release|x64.ActiveCfg = Release|Any CPU
		{FCEF3D92-5733-4C5E-9901-6944210E93B0}.Release|x64.Build.0 = Release|Any CPU
		{FCEF3D92-5733-4C5E-9901-6944210E93B0}.Release|x86.ActiveCfg = Release|x86
		{FCEF3D92-5733-4C5E-9901-6944210E93B0}.Release|x86.Build.0 = Release|x86
		{9D0D40EC-EA78-4638-8889-C6ECBA25CB80}.Debug|Any CPU.ActiveCfg = Debug|Any CPU
		{9D0D40EC-EA78-4638-8889-C6ECBA25CB80}.Debug|Any CPU.Build.0 = Debug|Any CPU
		{9D0D40EC-EA78-4638-8889-C6ECBA25CB80}.Debug|x64.ActiveCfg = Debug|Any CPU
		{9D0D40EC-EA78-4638-8889-C6ECBA25CB80}.Debug|x64.Build.0 = Debug|Any CPU
		{9D0D40EC-EA78-4638-8889-C6ECBA25CB80}.Debug|x86.ActiveCfg = Debug|Any CPU
		{9D0D40EC-EA78-4638-8889-C6ECBA25CB80}.Debug|x86.Build.0 = Debug|Any CPU
		{9D0D40EC-EA78-4638-8889-C6ECBA25CB80}.Release|Any CPU.ActiveCfg = Release|Any CPU
		{9D0D40EC-EA78-4638-8889-C6ECBA25CB80}.Release|Any CPU.Build.0 = Release|Any CPU
		{9D0D40EC-EA78-4638-8889-C6ECBA25CB80}.Release|x64.ActiveCfg = Release|Any CPU
		{9D0D40EC-EA78-4638-8889-C6ECBA25CB80}.Release|x64.Build.0 = Release|Any CPU
		{9D0D40EC-EA78-4638-8889-C6ECBA25CB80}.Release|x86.ActiveCfg = Release|Any CPU
		{9D0D40EC-EA78-4638-8889-C6ECBA25CB80}.Release|x86.Build.0 = Release|Any CPU
	EndGlobalSection
	GlobalSection(SolutionProperties) = preSolution
		HideSolutionNode = FALSE
	EndGlobalSection
	GlobalSection(ExtensibilityGlobals) = postSolution
		SolutionGuid = {15C92A2E-A864-4F33-9310-523B29ADDD90}
	EndGlobalSection
EndGlobal
